// !$*UTF8*$!
{
	archiveVersion = 1;
	classes = {
	};
	objectVersion = 50;
	objects = {

/* Begin PBXBuildFile section */
		9F255B532571B89700388811 /* AppDelegate.swift in Sources */ = {isa = PBXBuildFile; fileRef = 9F255B522571B89700388811 /* AppDelegate.swift */; };
		9F255B552571B89700388811 /* SceneDelegate.swift in Sources */ = {isa = PBXBuildFile; fileRef = 9F255B542571B89700388811 /* SceneDelegate.swift */; };
		9F255B572571B89700388811 /* ViewController.swift in Sources */ = {isa = PBXBuildFile; fileRef = 9F255B562571B89700388811 /* ViewController.swift */; };
		9F255B5A2571B89700388811 /* Main.storyboard in Resources */ = {isa = PBXBuildFile; fileRef = 9F255B582571B89700388811 /* Main.storyboard */; };
		9F255B5D2571B89700388811 /* DataModel.xcdatamodeld in Sources */ = {isa = PBXBuildFile; fileRef = 9F255B5B2571B89700388811 /* DataModel.xcdatamodeld */; };
		9F255B5F2571B89900388811 /* Assets.xcassets in Resources */ = {isa = PBXBuildFile; fileRef = 9F255B5E2571B89900388811 /* Assets.xcassets */; };
		9F255B622571B89900388811 /* LaunchScreen.storyboard in Resources */ = {isa = PBXBuildFile; fileRef = 9F255B602571B89900388811 /* LaunchScreen.storyboard */; };
		9F255B6D2571B89900388811 /* Final_ProjectTests.swift in Sources */ = {isa = PBXBuildFile; fileRef = 9F255B6C2571B89900388811 /* Final_ProjectTests.swift */; };
		9F255B782571B89900388811 /* Final_ProjectUITests.swift in Sources */ = {isa = PBXBuildFile; fileRef = 9F255B772571B89900388811 /* Final_ProjectUITests.swift */; };
		9F255B892571C8E300388811 /* BluetoothViewController.swift in Sources */ = {isa = PBXBuildFile; fileRef = 9F255B882571C8E300388811 /* BluetoothViewController.swift */; };
		9F255BA62571F87B00388811 /* BluetoothDeviceCell.swift in Sources */ = {isa = PBXBuildFile; fileRef = 9F255BA52571F87B00388811 /* BluetoothDeviceCell.swift */; };
		9F255BAB257207D500388811 /* ConnectedViewController.swift in Sources */ = {isa = PBXBuildFile; fileRef = 9F255BAA257207D500388811 /* ConnectedViewController.swift */; };
		9F255BB0257208AB00388811 /* RowerPeripheral.swift in Sources */ = {isa = PBXBuildFile; fileRef = 9F255BAF257208AB00388811 /* RowerPeripheral.swift */; };
		9F255BB52572326400388811 /* ConnectedPeripheral.swift in Sources */ = {isa = PBXBuildFile; fileRef = 9F255BB42572326400388811 /* ConnectedPeripheral.swift */; };
		9F255BC32574828400388811 /* Workout+CoreDataClass.swift in Sources */ = {isa = PBXBuildFile; fileRef = 9F255BC12574828400388811 /* Workout+CoreDataClass.swift */; };
		9F255BC42574828400388811 /* Workout+CoreDataProperties.swift in Sources */ = {isa = PBXBuildFile; fileRef = 9F255BC22574828400388811 /* Workout+CoreDataProperties.swift */; };
		9F255BCC2574B7E200388811 /* PastWorkoutsViewController.swift in Sources */ = {isa = PBXBuildFile; fileRef = 9F255BCB2574B7E200388811 /* PastWorkoutsViewController.swift */; };
		9F255BD12574BC1400388811 /* WorkoutCell.swift in Sources */ = {isa = PBXBuildFile; fileRef = 9F255BD02574BC1400388811 /* WorkoutCell.swift */; };
		9F255BD62574D88200388811 /* WorkoutDetailViewController.swift in Sources */ = {isa = PBXBuildFile; fileRef = 9F255BD52574D88200388811 /* WorkoutDetailViewController.swift */; };
/* End PBXBuildFile section */

/* Begin PBXContainerItemProxy section */
		9F255B692571B89900388811 /* PBXContainerItemProxy */ = {
			isa = PBXContainerItemProxy;
			containerPortal = 9F255B472571B89700388811 /* Project object */;
			proxyType = 1;
			remoteGlobalIDString = 9F255B4E2571B89700388811;
			remoteInfo = Final_Project;
		};
		9F255B742571B89900388811 /* PBXContainerItemProxy */ = {
			isa = PBXContainerItemProxy;
			containerPortal = 9F255B472571B89700388811 /* Project object */;
			proxyType = 1;
			remoteGlobalIDString = 9F255B4E2571B89700388811;
			remoteInfo = Final_Project;
		};
/* End PBXContainerItemProxy section */

/* Begin PBXFileReference section */
		9F255B4F2571B89700388811 /* Final_Project.app */ = {isa = PBXFileReference; explicitFileType = wrapper.application; includeInIndex = 0; path = Final_Project.app; sourceTree = BUILT_PRODUCTS_DIR; };
		9F255B522571B89700388811 /* AppDelegate.swift */ = {isa = PBXFileReference; lastKnownFileType = sourcecode.swift; path = AppDelegate.swift; sourceTree = "<group>"; };
		9F255B542571B89700388811 /* SceneDelegate.swift */ = {isa = PBXFileReference; lastKnownFileType = sourcecode.swift; path = SceneDelegate.swift; sourceTree = "<group>"; };
		9F255B562571B89700388811 /* ViewController.swift */ = {isa = PBXFileReference; lastKnownFileType = sourcecode.swift; path = ViewController.swift; sourceTree = "<group>"; };
		9F255B592571B89700388811 /* Base */ = {isa = PBXFileReference; lastKnownFileType = file.storyboard; name = Base; path = Base.lproj/Main.storyboard; sourceTree = "<group>"; };
		9F255B5C2571B89700388811 /* Final_Project.xcdatamodel */ = {isa = PBXFileReference; lastKnownFileType = wrapper.xcdatamodel; path = Final_Project.xcdatamodel; sourceTree = "<group>"; };
		9F255B5E2571B89900388811 /* Assets.xcassets */ = {isa = PBXFileReference; lastKnownFileType = folder.assetcatalog; path = Assets.xcassets; sourceTree = "<group>"; };
		9F255B612571B89900388811 /* Base */ = {isa = PBXFileReference; lastKnownFileType = file.storyboard; name = Base; path = Base.lproj/LaunchScreen.storyboard; sourceTree = "<group>"; };
		9F255B632571B89900388811 /* Info.plist */ = {isa = PBXFileReference; lastKnownFileType = text.plist.xml; path = Info.plist; sourceTree = "<group>"; };
		9F255B682571B89900388811 /* Final_ProjectTests.xctest */ = {isa = PBXFileReference; explicitFileType = wrapper.cfbundle; includeInIndex = 0; path = Final_ProjectTests.xctest; sourceTree = BUILT_PRODUCTS_DIR; };
		9F255B6C2571B89900388811 /* Final_ProjectTests.swift */ = {isa = PBXFileReference; lastKnownFileType = sourcecode.swift; path = Final_ProjectTests.swift; sourceTree = "<group>"; };
		9F255B6E2571B89900388811 /* Info.plist */ = {isa = PBXFileReference; lastKnownFileType = text.plist.xml; path = Info.plist; sourceTree = "<group>"; };
		9F255B732571B89900388811 /* Final_ProjectUITests.xctest */ = {isa = PBXFileReference; explicitFileType = wrapper.cfbundle; includeInIndex = 0; path = Final_ProjectUITests.xctest; sourceTree = BUILT_PRODUCTS_DIR; };
		9F255B772571B89900388811 /* Final_ProjectUITests.swift */ = {isa = PBXFileReference; lastKnownFileType = sourcecode.swift; path = Final_ProjectUITests.swift; sourceTree = "<group>"; };
		9F255B792571B89900388811 /* Info.plist */ = {isa = PBXFileReference; lastKnownFileType = text.plist.xml; path = Info.plist; sourceTree = "<group>"; };
		9F255B882571C8E300388811 /* BluetoothViewController.swift */ = {isa = PBXFileReference; lastKnownFileType = sourcecode.swift; path = BluetoothViewController.swift; sourceTree = "<group>"; };
		9F255BA52571F87B00388811 /* BluetoothDeviceCell.swift */ = {isa = PBXFileReference; lastKnownFileType = sourcecode.swift; path = BluetoothDeviceCell.swift; sourceTree = "<group>"; };
		9F255BAA257207D500388811 /* ConnectedViewController.swift */ = {isa = PBXFileReference; lastKnownFileType = sourcecode.swift; path = ConnectedViewController.swift; sourceTree = "<group>"; };
		9F255BAF257208AB00388811 /* RowerPeripheral.swift */ = {isa = PBXFileReference; lastKnownFileType = sourcecode.swift; path = RowerPeripheral.swift; sourceTree = "<group>"; };
		9F255BB42572326400388811 /* ConnectedPeripheral.swift */ = {isa = PBXFileReference; lastKnownFileType = sourcecode.swift; path = ConnectedPeripheral.swift; sourceTree = "<group>"; };
		9F255BC12574828400388811 /* Workout+CoreDataClass.swift */ = {isa = PBXFileReference; lastKnownFileType = sourcecode.swift; path = "Workout+CoreDataClass.swift"; sourceTree = "<group>"; };
		9F255BC22574828400388811 /* Workout+CoreDataProperties.swift */ = {isa = PBXFileReference; lastKnownFileType = sourcecode.swift; path = "Workout+CoreDataProperties.swift"; sourceTree = "<group>"; };
		9F255BCB2574B7E200388811 /* PastWorkoutsViewController.swift */ = {isa = PBXFileReference; lastKnownFileType = sourcecode.swift; path = PastWorkoutsViewController.swift; sourceTree = "<group>"; };
		9F255BD02574BC1400388811 /* WorkoutCell.swift */ = {isa = PBXFileReference; lastKnownFileType = sourcecode.swift; path = WorkoutCell.swift; sourceTree = "<group>"; };
		9F255BD52574D88200388811 /* WorkoutDetailViewController.swift */ = {isa = PBXFileReference; lastKnownFileType = sourcecode.swift; path = WorkoutDetailViewController.swift; sourceTree = "<group>"; };
/* End PBXFileReference section */

/* Begin PBXFrameworksBuildPhase section */
		9F255B4C2571B89700388811 /* Frameworks */ = {
			isa = PBXFrameworksBuildPhase;
			buildActionMask = 2147483647;
			files = (
			);
			runOnlyForDeploymentPostprocessing = 0;
		};
		9F255B652571B89900388811 /* Frameworks */ = {
			isa = PBXFrameworksBuildPhase;
			buildActionMask = 2147483647;
			files = (
			);
			runOnlyForDeploymentPostprocessing = 0;
		};
		9F255B702571B89900388811 /* Frameworks */ = {
			isa = PBXFrameworksBuildPhase;
			buildActionMask = 2147483647;
			files = (
			);
			runOnlyForDeploymentPostprocessing = 0;
		};
/* End PBXFrameworksBuildPhase section */

/* Begin PBXGroup section */
		9F255B462571B89700388811 = {
			isa = PBXGroup;
			children = (
				9F255B512571B89700388811 /* Final_Project */,
				9F255B6B2571B89900388811 /* Final_ProjectTests */,
				9F255B762571B89900388811 /* Final_ProjectUITests */,
				9F255B502571B89700388811 /* Products */,
			);
			sourceTree = "<group>";
		};
		9F255B502571B89700388811 /* Products */ = {
			isa = PBXGroup;
			children = (
				9F255B4F2571B89700388811 /* Final_Project.app */,
				9F255B682571B89900388811 /* Final_ProjectTests.xctest */,
				9F255B732571B89900388811 /* Final_ProjectUITests.xctest */,
			);
			name = Products;
			sourceTree = "<group>";
		};
		9F255B512571B89700388811 /* Final_Project */ = {
			isa = PBXGroup;
			children = (
				9F255BC12574828400388811 /* Workout+CoreDataClass.swift */,
				9F255BC22574828400388811 /* Workout+CoreDataProperties.swift */,
				9F255B522571B89700388811 /* AppDelegate.swift */,
				9F255B542571B89700388811 /* SceneDelegate.swift */,
				9F255B562571B89700388811 /* ViewController.swift */,
				9F255B582571B89700388811 /* Main.storyboard */,
				9F255B5E2571B89900388811 /* Assets.xcassets */,
				9F255B602571B89900388811 /* LaunchScreen.storyboard */,
				9F255B632571B89900388811 /* Info.plist */,
				9F255B5B2571B89700388811 /* DataModel.xcdatamodeld */,
				9F255BD52574D88200388811 /* WorkoutDetailViewController.swift */,
				9F255B882571C8E300388811 /* BluetoothViewController.swift */,
				9F255BCB2574B7E200388811 /* PastWorkoutsViewController.swift */,
				9F255BD02574BC1400388811 /* WorkoutCell.swift */,
				9F255BAA257207D500388811 /* ConnectedViewController.swift */,
				9F255BAF257208AB00388811 /* RowerPeripheral.swift */,
				9F255BB42572326400388811 /* ConnectedPeripheral.swift */,
				9F255BA52571F87B00388811 /* BluetoothDeviceCell.swift */,
			);
			path = Final_Project;
			sourceTree = "<group>";
		};
		9F255B6B2571B89900388811 /* Final_ProjectTests */ = {
			isa = PBXGroup;
			children = (
				9F255B6C2571B89900388811 /* Final_ProjectTests.swift */,
				9F255B6E2571B89900388811 /* Info.plist */,
			);
			path = Final_ProjectTests;
			sourceTree = "<group>";
		};
		9F255B762571B89900388811 /* Final_ProjectUITests */ = {
			isa = PBXGroup;
			children = (
				9F255B772571B89900388811 /* Final_ProjectUITests.swift */,
				9F255B792571B89900388811 /* Info.plist */,
			);
			path = Final_ProjectUITests;
			sourceTree = "<group>";
		};
/* End PBXGroup section */

/* Begin PBXNativeTarget section */
		9F255B4E2571B89700388811 /* Final_Project */ = {
			isa = PBXNativeTarget;
			buildConfigurationList = 9F255B7C2571B89900388811 /* Build configuration list for PBXNativeTarget "Final_Project" */;
			buildPhases = (
				9F255B4B2571B89700388811 /* Sources */,
				9F255B4C2571B89700388811 /* Frameworks */,
				9F255B4D2571B89700388811 /* Resources */,
			);
			buildRules = (
			);
			dependencies = (
			);
			name = Final_Project;
			productName = Final_Project;
			productReference = 9F255B4F2571B89700388811 /* Final_Project.app */;
			productType = "com.apple.product-type.application";
		};
		9F255B672571B89900388811 /* Final_ProjectTests */ = {
			isa = PBXNativeTarget;
			buildConfigurationList = 9F255B7F2571B89900388811 /* Build configuration list for PBXNativeTarget "Final_ProjectTests" */;
			buildPhases = (
				9F255B642571B89900388811 /* Sources */,
				9F255B652571B89900388811 /* Frameworks */,
				9F255B662571B89900388811 /* Resources */,
			);
			buildRules = (
			);
			dependencies = (
				9F255B6A2571B89900388811 /* PBXTargetDependency */,
			);
			name = Final_ProjectTests;
			productName = Final_ProjectTests;
			productReference = 9F255B682571B89900388811 /* Final_ProjectTests.xctest */;
			productType = "com.apple.product-type.bundle.unit-test";
		};
		9F255B722571B89900388811 /* Final_ProjectUITests */ = {
			isa = PBXNativeTarget;
			buildConfigurationList = 9F255B822571B89900388811 /* Build configuration list for PBXNativeTarget "Final_ProjectUITests" */;
			buildPhases = (
				9F255B6F2571B89900388811 /* Sources */,
				9F255B702571B89900388811 /* Frameworks */,
				9F255B712571B89900388811 /* Resources */,
			);
			buildRules = (
			);
			dependencies = (
				9F255B752571B89900388811 /* PBXTargetDependency */,
			);
			name = Final_ProjectUITests;
			productName = Final_ProjectUITests;
			productReference = 9F255B732571B89900388811 /* Final_ProjectUITests.xctest */;
			productType = "com.apple.product-type.bundle.ui-testing";
		};
/* End PBXNativeTarget section */

/* Begin PBXProject section */
		9F255B472571B89700388811 /* Project object */ = {
			isa = PBXProject;
			attributes = {
				LastSwiftUpdateCheck = 1220;
				LastUpgradeCheck = 1220;
				TargetAttributes = {
					9F255B4E2571B89700388811 = {
						CreatedOnToolsVersion = 12.2;
					};
					9F255B672571B89900388811 = {
						CreatedOnToolsVersion = 12.2;
						TestTargetID = 9F255B4E2571B89700388811;
					};
					9F255B722571B89900388811 = {
						CreatedOnToolsVersion = 12.2;
						TestTargetID = 9F255B4E2571B89700388811;
					};
				};
			};
			buildConfigurationList = 9F255B4A2571B89700388811 /* Build configuration list for PBXProject "Final_Project" */;
			compatibilityVersion = "Xcode 9.3";
			developmentRegion = en;
			hasScannedForEncodings = 0;
			knownRegions = (
				en,
				Base,
			);
			mainGroup = 9F255B462571B89700388811;
			productRefGroup = 9F255B502571B89700388811 /* Products */;
			projectDirPath = "";
			projectRoot = "";
			targets = (
				9F255B4E2571B89700388811 /* Final_Project */,
				9F255B672571B89900388811 /* Final_ProjectTests */,
				9F255B722571B89900388811 /* Final_ProjectUITests */,
			);
		};
/* End PBXProject section */

/* Begin PBXResourcesBuildPhase section */
		9F255B4D2571B89700388811 /* Resources */ = {
			isa = PBXResourcesBuildPhase;
			buildActionMask = 2147483647;
			files = (
				9F255B622571B89900388811 /* LaunchScreen.storyboard in Resources */,
				9F255B5F2571B89900388811 /* Assets.xcassets in Resources */,
				9F255B5A2571B89700388811 /* Main.storyboard in Resources */,
			);
			runOnlyForDeploymentPostprocessing = 0;
		};
		9F255B662571B89900388811 /* Resources */ = {
			isa = PBXResourcesBuildPhase;
			buildActionMask = 2147483647;
			files = (
			);
			runOnlyForDeploymentPostprocessing = 0;
		};
		9F255B712571B89900388811 /* Resources */ = {
			isa = PBXResourcesBuildPhase;
			buildActionMask = 2147483647;
			files = (
			);
			runOnlyForDeploymentPostprocessing = 0;
		};
/* End PBXResourcesBuildPhase section */

/* Begin PBXSourcesBuildPhase section */
		9F255B4B2571B89700388811 /* Sources */ = {
			isa = PBXSourcesBuildPhase;
			buildActionMask = 2147483647;
			files = (
				9F255BCC2574B7E200388811 /* PastWorkoutsViewController.swift in Sources */,
				9F255BD62574D88200388811 /* WorkoutDetailViewController.swift in Sources */,
				9F255BD12574BC1400388811 /* WorkoutCell.swift in Sources */,
				9F255BAB257207D500388811 /* ConnectedViewController.swift in Sources */,
				9F255BC32574828400388811 /* Workout+CoreDataClass.swift in Sources */,
				9F255BA62571F87B00388811 /* BluetoothDeviceCell.swift in Sources */,
				9F255B572571B89700388811 /* ViewController.swift in Sources */,
				9F255B532571B89700388811 /* AppDelegate.swift in Sources */,
				9F255B892571C8E300388811 /* BluetoothViewController.swift in Sources */,
				9F255BB52572326400388811 /* ConnectedPeripheral.swift in Sources */,
				9F255B5D2571B89700388811 /* DataModel.xcdatamodeld in Sources */,
				9F255BC42574828400388811 /* Workout+CoreDataProperties.swift in Sources */,
				9F255B552571B89700388811 /* SceneDelegate.swift in Sources */,
				9F255BB0257208AB00388811 /* RowerPeripheral.swift in Sources */,
			);
			runOnlyForDeploymentPostprocessing = 0;
		};
		9F255B642571B89900388811 /* Sources */ = {
			isa = PBXSourcesBuildPhase;
			buildActionMask = 2147483647;
			files = (
				9F255B6D2571B89900388811 /* Final_ProjectTests.swift in Sources */,
			);
			runOnlyForDeploymentPostprocessing = 0;
		};
		9F255B6F2571B89900388811 /* Sources */ = {
			isa = PBXSourcesBuildPhase;
			buildActionMask = 2147483647;
			files = (
				9F255B782571B89900388811 /* Final_ProjectUITests.swift in Sources */,
			);
			runOnlyForDeploymentPostprocessing = 0;
		};
/* End PBXSourcesBuildPhase section */

/* Begin PBXTargetDependency section */
		9F255B6A2571B89900388811 /* PBXTargetDependency */ = {
			isa = PBXTargetDependency;
			target = 9F255B4E2571B89700388811 /* Final_Project */;
			targetProxy = 9F255B692571B89900388811 /* PBXContainerItemProxy */;
		};
		9F255B752571B89900388811 /* PBXTargetDependency */ = {
			isa = PBXTargetDependency;
			target = 9F255B4E2571B89700388811 /* Final_Project */;
			targetProxy = 9F255B742571B89900388811 /* PBXContainerItemProxy */;
		};
/* End PBXTargetDependency section */

/* Begin PBXVariantGroup section */
		9F255B582571B89700388811 /* Main.storyboard */ = {
			isa = PBXVariantGroup;
			children = (
				9F255B592571B89700388811 /* Base */,
			);
			name = Main.storyboard;
			sourceTree = "<group>";
		};
		9F255B602571B89900388811 /* LaunchScreen.storyboard */ = {
			isa = PBXVariantGroup;
			children = (
				9F255B612571B89900388811 /* Base */,
			);
			name = LaunchScreen.storyboard;
			sourceTree = "<group>";
		};
/* End PBXVariantGroup section */

/* Begin XCBuildConfiguration section */
		9F255B7A2571B89900388811 /* Debug */ = {
			isa = XCBuildConfiguration;
			buildSettings = {
				ALWAYS_SEARCH_USER_PATHS = NO;
				CLANG_ANALYZER_NONNULL = YES;
				CLANG_ANALYZER_NUMBER_OBJECT_CONVERSION = YES_AGGRESSIVE;
				CLANG_CXX_LANGUAGE_STANDARD = "gnu++14";
				CLANG_CXX_LIBRARY = "libc++";
				CLANG_ENABLE_MODULES = YES;
				CLANG_ENABLE_OBJC_ARC = YES;
				CLANG_ENABLE_OBJC_WEAK = YES;
				CLANG_WARN_BLOCK_CAPTURE_AUTORELEASING = YES;
				CLANG_WARN_BOOL_CONVERSION = YES;
				CLANG_WARN_COMMA = YES;
				CLANG_WARN_CONSTANT_CONVERSION = YES;
				CLANG_WARN_DEPRECATED_OBJC_IMPLEMENTATIONS = YES;
				CLANG_WARN_DIRECT_OBJC_ISA_USAGE = YES_ERROR;
				CLANG_WARN_DOCUMENTATION_COMMENTS = YES;
				CLANG_WARN_EMPTY_BODY = YES;
				CLANG_WARN_ENUM_CONVERSION = YES;
				CLANG_WARN_INFINITE_RECURSION = YES;
				CLANG_WARN_INT_CONVERSION = YES;
				CLANG_WARN_NON_LITERAL_NULL_CONVERSION = YES;
				CLANG_WARN_OBJC_IMPLICIT_RETAIN_SELF = YES;
				CLANG_WARN_OBJC_LITERAL_CONVERSION = YES;
				CLANG_WARN_OBJC_ROOT_CLASS = YES_ERROR;
				CLANG_WARN_QUOTED_INCLUDE_IN_FRAMEWORK_HEADER = YES;
				CLANG_WARN_RANGE_LOOP_ANALYSIS = YES;
				CLANG_WARN_STRICT_PROTOTYPES = YES;
				CLANG_WARN_SUSPICIOUS_MOVE = YES;
				CLANG_WARN_UNGUARDED_AVAILABILITY = YES_AGGRESSIVE;
				CLANG_WARN_UNREACHABLE_CODE = YES;
				CLANG_WARN__DUPLICATE_METHOD_MATCH = YES;
				COPY_PHASE_STRIP = NO;
				DEBUG_INFORMATION_FORMAT = dwarf;
				ENABLE_STRICT_OBJC_MSGSEND = YES;
				ENABLE_TESTABILITY = YES;
				GCC_C_LANGUAGE_STANDARD = gnu11;
				GCC_DYNAMIC_NO_PIC = NO;
				GCC_NO_COMMON_BLOCKS = YES;
				GCC_OPTIMIZATION_LEVEL = 0;
				GCC_PREPROCESSOR_DEFINITIONS = (
					"DEBUG=1",
					"$(inherited)",
				);
				GCC_WARN_64_TO_32_BIT_CONVERSION = YES;
				GCC_WARN_ABOUT_RETURN_TYPE = YES_ERROR;
				GCC_WARN_UNDECLARED_SELECTOR = YES;
				GCC_WARN_UNINITIALIZED_AUTOS = YES_AGGRESSIVE;
				GCC_WARN_UNUSED_FUNCTION = YES;
				GCC_WARN_UNUSED_VARIABLE = YES;
				IPHONEOS_DEPLOYMENT_TARGET = 14.2;
				MTL_ENABLE_DEBUG_INFO = INCLUDE_SOURCE;
				MTL_FAST_MATH = YES;
				ONLY_ACTIVE_ARCH = YES;
				SDKROOT = iphoneos;
				SWIFT_ACTIVE_COMPILATION_CONDITIONS = DEBUG;
				SWIFT_OPTIMIZATION_LEVEL = "-Onone";
			};
			name = Debug;
		};
		9F255B7B2571B89900388811 /* Release */ = {
			isa = XCBuildConfiguration;
			buildSettings = {
				ALWAYS_SEARCH_USER_PATHS = NO;
				CLANG_ANALYZER_NONNULL = YES;
				CLANG_ANALYZER_NUMBER_OBJECT_CONVERSION = YES_AGGRESSIVE;
				CLANG_CXX_LANGUAGE_STANDARD = "gnu++14";
				CLANG_CXX_LIBRARY = "libc++";
				CLANG_ENABLE_MODULES = YES;
				CLANG_ENABLE_OBJC_ARC = YES;
				CLANG_ENABLE_OBJC_WEAK = YES;
				CLANG_WARN_BLOCK_CAPTURE_AUTORELEASING = YES;
				CLANG_WARN_BOOL_CONVERSION = YES;
				CLANG_WARN_COMMA = YES;
				CLANG_WARN_CONSTANT_CONVERSION = YES;
				CLANG_WARN_DEPRECATED_OBJC_IMPLEMENTATIONS = YES;
				CLANG_WARN_DIRECT_OBJC_ISA_USAGE = YES_ERROR;
				CLANG_WARN_DOCUMENTATION_COMMENTS = YES;
				CLANG_WARN_EMPTY_BODY = YES;
				CLANG_WARN_ENUM_CONVERSION = YES;
				CLANG_WARN_INFINITE_RECURSION = YES;
				CLANG_WARN_INT_CONVERSION = YES;
				CLANG_WARN_NON_LITERAL_NULL_CONVERSION = YES;
				CLANG_WARN_OBJC_IMPLICIT_RETAIN_SELF = YES;
				CLANG_WARN_OBJC_LITERAL_CONVERSION = YES;
				CLANG_WARN_OBJC_ROOT_CLASS = YES_ERROR;
				CLANG_WARN_QUOTED_INCLUDE_IN_FRAMEWORK_HEADER = YES;
				CLANG_WARN_RANGE_LOOP_ANALYSIS = YES;
				CLANG_WARN_STRICT_PROTOTYPES = YES;
				CLANG_WARN_SUSPICIOUS_MOVE = YES;
				CLANG_WARN_UNGUARDED_AVAILABILITY = YES_AGGRESSIVE;
				CLANG_WARN_UNREACHABLE_CODE = YES;
				CLANG_WARN__DUPLICATE_METHOD_MATCH = YES;
				COPY_PHASE_STRIP = NO;
				DEBUG_INFORMATION_FORMAT = "dwarf-with-dsym";
				ENABLE_NS_ASSERTIONS = NO;
				ENABLE_STRICT_OBJC_MSGSEND = YES;
				GCC_C_LANGUAGE_STANDARD = gnu11;
				GCC_NO_COMMON_BLOCKS = YES;
				GCC_WARN_64_TO_32_BIT_CONVERSION = YES;
				GCC_WARN_ABOUT_RETURN_TYPE = YES_ERROR;
				GCC_WARN_UNDECLARED_SELECTOR = YES;
				GCC_WARN_UNINITIALIZED_AUTOS = YES_AGGRESSIVE;
				GCC_WARN_UNUSED_FUNCTION = YES;
				GCC_WARN_UNUSED_VARIABLE = YES;
				IPHONEOS_DEPLOYMENT_TARGET = 14.2;
				MTL_ENABLE_DEBUG_INFO = NO;
				MTL_FAST_MATH = YES;
				SDKROOT = iphoneos;
				SWIFT_COMPILATION_MODE = wholemodule;
				SWIFT_OPTIMIZATION_LEVEL = "-O";
				VALIDATE_PRODUCT = YES;
			};
			name = Release;
		};
		9F255B7D2571B89900388811 /* Debug */ = {
			isa = XCBuildConfiguration;
			buildSettings = {
				ASSETCATALOG_COMPILER_APPICON_NAME = AppIcon;
				ASSETCATALOG_COMPILER_GLOBAL_ACCENT_COLOR_NAME = AccentColor;
				CODE_SIGN_STYLE = Automatic;
				DEVELOPMENT_TEAM = 2895V9L3LU;
				INFOPLIST_FILE = Final_Project/Info.plist;
				LD_RUNPATH_SEARCH_PATHS = (
					"$(inherited)",
					"@executable_path/Frameworks",
				);
				PRODUCT_BUNDLE_IDENTIFIER = "com.samanthatoll.Final-Project";
				PRODUCT_NAME = "$(TARGET_NAME)";
				SWIFT_VERSION = 5.0;
				TARGETED_DEVICE_FAMILY = "1,2";
			};
			name = Debug;
		};
		9F255B7E2571B89900388811 /* Release */ = {
			isa = XCBuildConfiguration;
			buildSettings = {
				ASSETCATALOG_COMPILER_APPICON_NAME = AppIcon;
				ASSETCATALOG_COMPILER_GLOBAL_ACCENT_COLOR_NAME = AccentColor;
				CODE_SIGN_STYLE = Automatic;
				DEVELOPMENT_TEAM = 2895V9L3LU;
				INFOPLIST_FILE = Final_Project/Info.plist;
				LD_RUNPATH_SEARCH_PATHS = (
					"$(inherited)",
					"@executable_path/Frameworks",
				);
				PRODUCT_BUNDLE_IDENTIFIER = "com.samanthatoll.Final-Project";
				PRODUCT_NAME = "$(TARGET_NAME)";
				SWIFT_VERSION = 5.0;
				TARGETED_DEVICE_FAMILY = "1,2";
			};
			name = Release;
		};
		9F255B802571B89900388811 /* Debug */ = {
			isa = XCBuildConfiguration;
			buildSettings = {
				ALWAYS_EMBED_SWIFT_STANDARD_LIBRARIES = YES;
				BUNDLE_LOADER = "$(TEST_HOST)";
				CODE_SIGN_STYLE = Automatic;
				DEVELOPMENT_TEAM = 2895V9L3LU;
				INFOPLIST_FILE = Final_ProjectTests/Info.plist;
				IPHONEOS_DEPLOYMENT_TARGET = 14.2;
				LD_RUNPATH_SEARCH_PATHS = (
					"$(inherited)",
					"@executable_path/Frameworks",
					"@loader_path/Frameworks",
				);
				PRODUCT_BUNDLE_IDENTIFIER = "com.samanthatoll.Final-ProjectTests";
				PRODUCT_NAME = "$(TARGET_NAME)";
				SWIFT_VERSION = 5.0;
				TARGETED_DEVICE_FAMILY = "1,2";
				TEST_HOST = "$(BUILT_PRODUCTS_DIR)/Final_Project.app/Final_Project";
			};
			name = Debug;
		};
		9F255B812571B89900388811 /* Release */ = {
			isa = XCBuildConfiguration;
			buildSettings = {
				ALWAYS_EMBED_SWIFT_STANDARD_LIBRARIES = YES;
				BUNDLE_LOADER = "$(TEST_HOST)";
				CODE_SIGN_STYLE = Automatic;
				DEVELOPMENT_TEAM = 2895V9L3LU;
				INFOPLIST_FILE = Final_ProjectTests/Info.plist;
				IPHONEOS_DEPLOYMENT_TARGET = 14.2;
				LD_RUNPATH_SEARCH_PATHS = (
					"$(inherited)",
					"@executable_path/Frameworks",
					"@loader_path/Frameworks",
				);
				PRODUCT_BUNDLE_IDENTIFIER = "com.samanthatoll.Final-ProjectTests";
				PRODUCT_NAME = "$(TARGET_NAME)";
				SWIFT_VERSION = 5.0;
				TARGETED_DEVICE_FAMILY = "1,2";
				TEST_HOST = "$(BUILT_PRODUCTS_DIR)/Final_Project.app/Final_Project";
			};
			name = Release;
		};
		9F255B832571B89900388811 /* Debug */ = {
			isa = XCBuildConfiguration;
			buildSettings = {
				ALWAYS_EMBED_SWIFT_STANDARD_LIBRARIES = YES;
				CODE_SIGN_STYLE = Automatic;
				DEVELOPMENT_TEAM = 2895V9L3LU;
				INFOPLIST_FILE = Final_ProjectUITests/Info.plist;
				LD_RUNPATH_SEARCH_PATHS = (
					"$(inherited)",
					"@executable_path/Frameworks",
					"@loader_path/Frameworks",
				);
				PRODUCT_BUNDLE_IDENTIFIER = "com.samanthatoll.Final-ProjectUITests";
				PRODUCT_NAME = "$(TARGET_NAME)";
				SWIFT_VERSION = 5.0;
				TARGETED_DEVICE_FAMILY = "1,2";
				TEST_TARGET_NAME = Final_Project;
			};
			name = Debug;
		};
		9F255B842571B89900388811 /* Release */ = {
			isa = XCBuildConfiguration;
			buildSettings = {
				ALWAYS_EMBED_SWIFT_STANDARD_LIBRARIES = YES;
				CODE_SIGN_STYLE = Automatic;
				DEVELOPMENT_TEAM = 2895V9L3LU;
				INFOPLIST_FILE = Final_ProjectUITests/Info.plist;
				LD_RUNPATH_SEARCH_PATHS = (
					"$(inherited)",
					"@executable_path/Frameworks",
					"@loader_path/Frameworks",
				);
				PRODUCT_BUNDLE_IDENTIFIER = "com.samanthatoll.Final-ProjectUITests";
				PRODUCT_NAME = "$(TARGET_NAME)";
				SWIFT_VERSION = 5.0;
				TARGETED_DEVICE_FAMILY = "1,2";
				TEST_TARGET_NAME = Final_Project;
			};
			name = Release;
		};
/* End XCBuildConfiguration section */

/* Begin XCConfigurationList section */
		9F255B4A2571B89700388811 /* Build configuration list for PBXProject "Final_Project" */ = {
			isa = XCConfigurationList;
			buildConfigurations = (
				9F255B7A2571B89900388811 /* Debug */,
				9F255B7B2571B89900388811 /* Release */,
			);
			defaultConfigurationIsVisible = 0;
			defaultConfigurationName = Release;
		};
		9F255B7C2571B89900388811 /* Build configuration list for PBXNativeTarget "Final_Project" */ = {
			isa = XCConfigurationList;
			buildConfigurations = (
				9F255B7D2571B89900388811 /* Debug */,
				9F255B7E2571B89900388811 /* Release */,
			);
			defaultConfigurationIsVisible = 0;
			defaultConfigurationName = Release;
		};
		9F255B7F2571B89900388811 /* Build configuration list for PBXNativeTarget "Final_ProjectTests" */ = {
			isa = XCConfigurationList;
			buildConfigurations = (
				9F255B802571B89900388811 /* Debug */,
				9F255B812571B89900388811 /* Release */,
			);
			defaultConfigurationIsVisible = 0;
			defaultConfigurationName = Release;
		};
		9F255B822571B89900388811 /* Build configuration list for PBXNativeTarget "Final_ProjectUITests" */ = {
			isa = XCConfigurationList;
			buildConfigurations = (
				9F255B832571B89900388811 /* Debug */,
				9F255B842571B89900388811 /* Release */,
			);
			defaultConfigurationIsVisible = 0;
			defaultConfigurationName = Release;
		};
/* End XCConfigurationList section */

/* Begin XCVersionGroup section */
		9F255B5B2571B89700388811 /* DataModel.xcdatamodeld */ = {
			isa = XCVersionGroup;
			children = (
				9F255B5C2571B89700388811 /* Final_Project.xcdatamodel */,
			);
			currentVersion = 9F255B5C2571B89700388811 /* Final_Project.xcdatamodel */;
			path = DataModel.xcdatamodeld;
			sourceTree = "<group>";
			versionGroupType = wrapper.xcdatamodel;
		};
/* End XCVersionGroup section */
	};
	rootObject = 9F255B472571B89700388811 /* Project object */;
}
